
Microsoft Visual Studio Solution File, Format Version 12.00
# Visual Studio 15
VisualStudioVersion = 15.0.28010.2046
MinimumVisualStudioVersion = 10.0.40219.1
Project("{FAE04EC0-301F-11D3-BF4B-00C04F79EFBC}") = "ProjectTimeForm", "WindowsFormsApp1\ProjectTimeForm.csproj", "{81AFF4E4-E571-47CA-BA0D-50523D4C1CC0}"
EndProject
Global
	GlobalSection(SolutionConfigurationPlatforms) = preSolution
		Debug|Any CPU = Debug|Any CPU
		Release|Any CPU = Release|Any CPU
	EndGlobalSection
	GlobalSection(ProjectConfigurationPlatforms) = postSolution
		{81AFF4E4-E571-47CA-BA0D-50523D4C1CC0}.Debug|Any CPU.ActiveCfg = Debug|Any CPU
		{81AFF4E4-E571-47CA-BA0D-50523D4C1CC0}.Debug|Any CPU.Build.0 = Debug|Any CPU
		{81AFF4E4-E571-47CA-BA0D-50523D4C1CC0}.Release|Any CPU.ActiveCfg = Release|Any CPU
		{81AFF4E4-E571-47CA-BA0D-50523D4C1CC0}.Release|Any CPU.Build.0 = Release|Any CPU
	EndGlobalSection
	GlobalSection(SolutionProperties) = preSolution
		HideSolutionNode = FALSE
	EndGlobalSection
	GlobalSection(ExtensibilityGlobals) = postSolution
		SolutionGuid = {7221B71D-13D7-42F5-AB72-50EF3C6C8791}
	EndGlobalSection
EndGlobal
